
Microsoft Visual Studio Solution File, Format Version 12.00
# Visual Studio Version 16
VisualStudioVersion = 16.0.29001.49
MinimumVisualStudioVersion = 10.0.40219.1
Project("{8BC9CEB8-8B4A-11D0-8D11-00A0C91BC942}") = "Strategic_Game_vs1", "Strategic_Game_vs1\Strategic_Game_vs1.vcxproj", "{15937749-87D3-4F89-8AB0-0B001F0CD6F7}"
EndProject
Global
	GlobalSection(SolutionConfigurationPlatforms) = preSolution
		Debug|x64 = Debug|x64
		Debug|x86 = Debug|x86
		Release|x64 = Release|x64
		Release|x86 = Release|x86
	EndGlobalSection
	GlobalSection(ProjectConfigurationPlatforms) = postSolution
		{15937749-87D3-4F89-8AB0-0B001F0CD6F7}.Debug|x64.ActiveCfg = Debug|x64
		{15937749-87D3-4F89-8AB0-0B001F0CD6F7}.Debug|x64.Build.0 = Debug|x64
		{15937749-87D3-4F89-8AB0-0B001F0CD6F7}.Debug|x86.ActiveCfg = Debug|Win32
		{15937749-87D3-4F89-8AB0-0B001F0CD6F7}.Debug|x86.Build.0 = Debug|Win32
		{15937749-87D3-4F89-8AB0-0B001F0CD6F7}.Release|x64.ActiveCfg = Release|x64
		{15937749-87D3-4F89-8AB0-0B001F0CD6F7}.Release|x64.Build.0 = Release|x64
		{15937749-87D3-4F89-8AB0-0B001F0CD6F7}.Release|x86.ActiveCfg = Release|Win32
		{15937749-87D3-4F89-8AB0-0B001F0CD6F7}.Release|x86.Build.0 = Release|Win32
	EndGlobalSection
	GlobalSection(SolutionProperties) = preSolution
		HideSolutionNode = FALSE
	EndGlobalSection
	GlobalSection(ExtensibilityGlobals) = postSolution
		SolutionGuid = {9F49F1B7-A8FD-4D53-BA87-A6745483A887}
	EndGlobalSection
EndGlobal
